{
  "name": "fb2-to-speechkit",
  "version": "1.0.0",
  "lockfileVersion": 1,
  "requires": true,
  "dependencies": {
    "@types/node": {
      "version": "14.0.13",
      "resolved": "https://registry.npmjs.org/@types/node/-/node-14.0.13.tgz",
      "integrity": "sha512-rouEWBImiRaSJsVA+ITTFM6ZxibuAlTuNOCyxVbwreu6k6+ujs7DfnU9o+PShFhET78pMBl3eH+AGSI5eOTkPA==",
      "dev": true
    },
    "eyo-kernel": {
      "version": "2.5.6",
      "resolved": "https://registry.npmjs.org/eyo-kernel/-/eyo-kernel-2.5.6.tgz",
      "integrity": "sha512-lAcX7HdPLlNB8Ia6Uvq2hFMx9S5VQSfAXkjBZJi9OXzFC1exDvX9lzk2YeQVB9EKufhlHlgeiD26mzg5q42Rgg=="
    },
    "sax": {
      "version": "1.2.4",
      "resolved": "https://registry.npmjs.org/sax/-/sax-1.2.4.tgz",
      "integrity": "sha512-NqVDv9TpANUjFm0N8uM5GxL36UgKi9/atZw+x7YFnQ8ckwFGKrl4xX4yWtrey3UJm5nP1kUbnYgLopqWNSRhWw=="
    },
    "typescript": {
      "version": "3.9.5",
      "resolved": "https://registry.npmjs.org/typescript/-/typescript-3.9.5.tgz",
      "integrity": "sha512-hSAifV3k+i6lEoCJ2k6R2Z/rp/H3+8sdmcn5NrS3/3kE7+RyZXm9aqvxWqjEXHAd8b0pShatpcdMTvEdvAJltQ==",
      "dev": true
    },
    "xml-flow": {
      "version": "1.0.4",
      "resolved": "https://registry.npmjs.org/xml-flow/-/xml-flow-1.0.4.tgz",
      "integrity": "sha512-r19LXKPL7vkVGL6oWHlESoBgwUVom5w/w8opuS53qULh8+K2w+K9K72edTIQa+X/Vxx1R7ugnCabHFSZ1Tv2zA==",
      "requires": {
        "sax": "^1.2.4"
      }
    }
  }
}
