{
  "name": "fb2-to-speechkit",
  "version": "1.0.0",
  "lockfileVersion": 1,
  "requires": true,
  "dependencies": {
    "@types/node": {
      "version": "14.0.23",
      "resolved": "https://registry.npmjs.org/@types/node/-/node-14.0.23.tgz",
      "integrity": "sha512-Z4U8yDAl5TFkmYsZdFPdjeMa57NOvnaf1tljHzhouaPEp7LCj2JKkejpI1ODviIAQuW4CcQmxkQ77rnLsOOoKw==",
      "dev": true
    },
    "eyo-kernel": {
      "version": "2.5.6",
      "resolved": "https://registry.npmjs.org/eyo-kernel/-/eyo-kernel-2.5.6.tgz",
      "integrity": "sha512-lAcX7HdPLlNB8Ia6Uvq2hFMx9S5VQSfAXkjBZJi9OXzFC1exDvX9lzk2YeQVB9EKufhlHlgeiD26mzg5q42Rgg=="
    },
    "normalize-unicode-text": {
      "version": "0.0.1",
      "resolved": "https://registry.npmjs.org/normalize-unicode-text/-/normalize-unicode-text-0.0.1.tgz",
      "integrity": "sha512-zzW9hCazMohI1lf3zWF7k7ecCmL/T2ZaiV7W7ZIjmTmNT0bqNfnsgBfQnudYn8zG1uk7PrPmBXd2CkujehZpDw=="
    },
    "sax-wasm": {
      "version": "1.4.6",
      "resolved": "https://registry.npmjs.org/sax-wasm/-/sax-wasm-1.4.6.tgz",
      "integrity": "sha512-XL/7rKPcSvxMwuF+nTF2RQ+vMRvxyT1n/fE8C3Myh89YG0hERvxnKt7E06pmlItiAWl8Nb4JP8ZnqQvlKN8s1g=="
    },
    "typescript": {
      "version": "3.9.7",
      "resolved": "https://registry.npmjs.org/typescript/-/typescript-3.9.7.tgz",
      "integrity": "sha512-BLbiRkiBzAwsjut4x/dsibSTB6yWpwT5qWmC2OfuCg3GgVQCSgMs4vEctYPhsaGtd0AeuuHMkjZ2h2WG8MSzRw==",
      "dev": true
    }
  }
}
